
Microsoft Visual Studio Solution File, Format Version 12.00
# Visual Studio Version 17
VisualStudioVersion = 17.8.34525.116
MinimumVisualStudioVersion = 10.0.40219.1
Project("{FAE04EC0-301F-11D3-BF4B-00C04F79EFBC}") = "VParse", "VParse\VParse.csproj", "{64585815-A98A-4D34-89AB-0866E570E1FF}"
EndProject
Global
	GlobalSection(SolutionConfigurationPlatforms) = preSolution
		Debug|Any CPU = Debug|Any CPU
		Release|Any CPU = Release|Any CPU
	EndGlobalSection
	GlobalSection(ProjectConfigurationPlatforms) = postSolution
		{64585815-A98A-4D34-89AB-0866E570E1FF}.Debug|Any CPU.ActiveCfg = Debug|Any CPU
		{64585815-A98A-4D34-89AB-0866E570E1FF}.Debug|Any CPU.Build.0 = Debug|Any CPU
		{64585815-A98A-4D34-89AB-0866E570E1FF}.Release|Any CPU.ActiveCfg = Release|Any CPU
		{64585815-A98A-4D34-89AB-0866E570E1FF}.Release|Any CPU.Build.0 = Release|Any CPU
	EndGlobalSection
	GlobalSection(SolutionProperties) = preSolution
		HideSolutionNode = FALSE
	EndGlobalSection
	GlobalSection(ExtensibilityGlobals) = postSolution
		SolutionGuid = {4E9851D8-FC98-4376-9F17-B29AE6FD2E6D}
	EndGlobalSection
EndGlobal
